// !$*UTF8*$!
{
	archiveVersion = 1;
	classes = {
	};
	objectVersion = 50;
	objects = {

/* Begin PBXBuildFile section */
		32CE654AF8F8FE9A76ED7176 /* UserInfo.m in Sources */ = {isa = PBXBuildFile; fileRef = 32CE6BFD0A6DE8C2A1572BBA /* UserInfo.m */; };
		32CE6896E04EB8F1E973BC03 /* backgroundColor.m in Sources */ = {isa = PBXBuildFile; fileRef = 32CE64506637FEBB40EF4E5F /* backgroundColor.m */; };
		4335988C2477CC9D00BA5A66 /* AppDelegate.m in Sources */ = {isa = PBXBuildFile; fileRef = 4335988B2477CC9D00BA5A66 /* AppDelegate.m */; };
		4335988F2477CC9D00BA5A66 /* ViewController.m in Sources */ = {isa = PBXBuildFile; fileRef = 4335988E2477CC9D00BA5A66 /* ViewController.m */; };
		433598922477CC9D00BA5A66 /* demo_app_ob_storyboard.xcdatamodeld in Sources */ = {isa = PBXBuildFile; fileRef = 433598902477CC9D00BA5A66 /* demo_app_ob_storyboard.xcdatamodeld */; };
		433598942477CC9F00BA5A66 /* Assets.xcassets in Resources */ = {isa = PBXBuildFile; fileRef = 433598932477CC9F00BA5A66 /* Assets.xcassets */; };
		433598972477CC9F00BA5A66 /* Main.storyboard in Resources */ = {isa = PBXBuildFile; fileRef = 433598952477CC9F00BA5A66 /* Main.storyboard */; };
		4335989A2477CC9F00BA5A66 /* main.m in Sources */ = {isa = PBXBuildFile; fileRef = 433598992477CC9F00BA5A66 /* main.m */; };
		433598A52477CC9F00BA5A66 /* demo_app_ob_storyboardTests.m in Sources */ = {isa = PBXBuildFile; fileRef = 433598A42477CC9F00BA5A66 /* demo_app_ob_storyboardTests.m */; };
		433598B02477CC9F00BA5A66 /* demo_app_ob_storyboardUITests.m in Sources */ = {isa = PBXBuildFile; fileRef = 433598AF2477CC9F00BA5A66 /* demo_app_ob_storyboardUITests.m */; };
		43942B37247BA0BB00DD152F /* DetailController.m in Sources */ = {isa = PBXBuildFile; fileRef = 43942B36247BA0BB00DD152F /* DetailController.m */; };
/* End PBXBuildFile section */

/* Begin PBXContainerItemProxy section */
		433598A12477CC9F00BA5A66 /* PBXContainerItemProxy */ = {
			isa = PBXContainerItemProxy;
			containerPortal = 4335987F2477CC9D00BA5A66 /* Project object */;
			proxyType = 1;
			remoteGlobalIDString = 433598862477CC9D00BA5A66;
			remoteInfo = "demo-app-ob-storyboard";
		};
		433598AC2477CC9F00BA5A66 /* PBXContainerItemProxy */ = {
			isa = PBXContainerItemProxy;
			containerPortal = 4335987F2477CC9D00BA5A66 /* Project object */;
			proxyType = 1;
			remoteGlobalIDString = 433598862477CC9D00BA5A66;
			remoteInfo = "demo-app-ob-storyboard";
		};
/* End PBXContainerItemProxy section */

/* Begin PBXFileReference section */
		32CE60AD1C18472A7EA6FD6F /* UserInfo.h */ = {isa = PBXFileReference; fileEncoding = 4; lastKnownFileType = sourcecode.c.h; path = UserInfo.h; sourceTree = "<group>"; };
		32CE64506637FEBB40EF4E5F /* backgroundColor.m */ = {isa = PBXFileReference; fileEncoding = 4; lastKnownFileType = sourcecode.c.objc; path = backgroundColor.m; sourceTree = "<group>"; };
		32CE6A8CE23038FB29982014 /* backgroundColor.h */ = {isa = PBXFileReference; fileEncoding = 4; lastKnownFileType = sourcecode.c.h; path = backgroundColor.h; sourceTree = "<group>"; };
		32CE6BFD0A6DE8C2A1572BBA /* UserInfo.m */ = {isa = PBXFileReference; fileEncoding = 4; lastKnownFileType = sourcecode.c.objc; path = UserInfo.m; sourceTree = "<group>"; };
		433598872477CC9D00BA5A66 /* demo-app-ob-storyboard.app */ = {isa = PBXFileReference; explicitFileType = wrapper.application; includeInIndex = 0; path = "demo-app-ob-storyboard.app"; sourceTree = BUILT_PRODUCTS_DIR; };
		4335988A2477CC9D00BA5A66 /* AppDelegate.h */ = {isa = PBXFileReference; lastKnownFileType = sourcecode.c.h; path = AppDelegate.h; sourceTree = "<group>"; };
		4335988B2477CC9D00BA5A66 /* AppDelegate.m */ = {isa = PBXFileReference; lastKnownFileType = sourcecode.c.objc; path = AppDelegate.m; sourceTree = "<group>"; };
		4335988D2477CC9D00BA5A66 /* ViewController.h */ = {isa = PBXFileReference; lastKnownFileType = sourcecode.c.h; path = ViewController.h; sourceTree = "<group>"; };
		4335988E2477CC9D00BA5A66 /* ViewController.m */ = {isa = PBXFileReference; lastKnownFileType = sourcecode.c.objc; path = ViewController.m; sourceTree = "<group>"; };
		433598912477CC9D00BA5A66 /* demo_app_ob_storyboard.xcdatamodel */ = {isa = PBXFileReference; lastKnownFileType = wrapper.xcdatamodel; path = demo_app_ob_storyboard.xcdatamodel; sourceTree = "<group>"; };
		433598932477CC9F00BA5A66 /* Assets.xcassets */ = {isa = PBXFileReference; lastKnownFileType = folder.assetcatalog; path = Assets.xcassets; sourceTree = "<group>"; };
		433598962477CC9F00BA5A66 /* Base */ = {isa = PBXFileReference; lastKnownFileType = file.storyboard; name = Base; path = Base.lproj/Main.storyboard; sourceTree = "<group>"; };
		433598982477CC9F00BA5A66 /* Info.plist */ = {isa = PBXFileReference; lastKnownFileType = text.plist.xml; path = Info.plist; sourceTree = "<group>"; };
		433598992477CC9F00BA5A66 /* main.m */ = {isa = PBXFileReference; lastKnownFileType = sourcecode.c.objc; path = main.m; sourceTree = "<group>"; };
		4335989B2477CC9F00BA5A66 /* demo_app_ob_storyboard.entitlements */ = {isa = PBXFileReference; lastKnownFileType = text.plist.entitlements; path = demo_app_ob_storyboard.entitlements; sourceTree = "<group>"; };
		433598A02477CC9F00BA5A66 /* demo-app-ob-storyboardTests.xctest */ = {isa = PBXFileReference; explicitFileType = wrapper.cfbundle; includeInIndex = 0; path = "demo-app-ob-storyboardTests.xctest"; sourceTree = BUILT_PRODUCTS_DIR; };
		433598A42477CC9F00BA5A66 /* demo_app_ob_storyboardTests.m */ = {isa = PBXFileReference; lastKnownFileType = sourcecode.c.objc; path = demo_app_ob_storyboardTests.m; sourceTree = "<group>"; };
		433598A62477CC9F00BA5A66 /* Info.plist */ = {isa = PBXFileReference; lastKnownFileType = text.plist.xml; path = Info.plist; sourceTree = "<group>"; };
		433598AB2477CC9F00BA5A66 /* demo-app-ob-storyboardUITests.xctest */ = {isa = PBXFileReference; explicitFileType = wrapper.cfbundle; includeInIndex = 0; path = "demo-app-ob-storyboardUITests.xctest"; sourceTree = BUILT_PRODUCTS_DIR; };
		433598AF2477CC9F00BA5A66 /* demo_app_ob_storyboardUITests.m */ = {isa = PBXFileReference; lastKnownFileType = sourcecode.c.objc; path = demo_app_ob_storyboardUITests.m; sourceTree = "<group>"; };
		433598B12477CC9F00BA5A66 /* Info.plist */ = {isa = PBXFileReference; lastKnownFileType = text.plist.xml; path = Info.plist; sourceTree = "<group>"; };
		43942B35247BA0BB00DD152F /* DetailController.h */ = {isa = PBXFileReference; lastKnownFileType = sourcecode.c.h; path = DetailController.h; sourceTree = "<group>"; };
		43942B36247BA0BB00DD152F /* DetailController.m */ = {isa = PBXFileReference; lastKnownFileType = sourcecode.c.objc; path = DetailController.m; sourceTree = "<group>"; };
/* End PBXFileReference section */

/* Begin PBXFrameworksBuildPhase section */
		433598842477CC9D00BA5A66 /* Frameworks */ = {
			isa = PBXFrameworksBuildPhase;
			buildActionMask = 2147483647;
			files = (
			);
			runOnlyForDeploymentPostprocessing = 0;
		};
		4335989D2477CC9F00BA5A66 /* Frameworks */ = {
			isa = PBXFrameworksBuildPhase;
			buildActionMask = 2147483647;
			files = (
			);
			runOnlyForDeploymentPostprocessing = 0;
		};
		433598A82477CC9F00BA5A66 /* Frameworks */ = {
			isa = PBXFrameworksBuildPhase;
			buildActionMask = 2147483647;
			files = (
			);
			runOnlyForDeploymentPostprocessing = 0;
		};
/* End PBXFrameworksBuildPhase section */

/* Begin PBXGroup section */
		4335987E2477CC9D00BA5A66 = {
			isa = PBXGroup;
			children = (
				433598892477CC9D00BA5A66 /* demo-app-ob-storyboard */,
				433598A32477CC9F00BA5A66 /* demo-app-ob-storyboardTests */,
				433598AE2477CC9F00BA5A66 /* demo-app-ob-storyboardUITests */,
				433598882477CC9D00BA5A66 /* Products */,
			);
			sourceTree = "<group>";
		};
		433598882477CC9D00BA5A66 /* Products */ = {
			isa = PBXGroup;
			children = (
				433598872477CC9D00BA5A66 /* demo-app-ob-storyboard.app */,
				433598A02477CC9F00BA5A66 /* demo-app-ob-storyboardTests.xctest */,
				433598AB2477CC9F00BA5A66 /* demo-app-ob-storyboardUITests.xctest */,
			);
			name = Products;
			sourceTree = "<group>";
		};
		433598892477CC9D00BA5A66 /* demo-app-ob-storyboard */ = {
			isa = PBXGroup;
			children = (
				4335988A2477CC9D00BA5A66 /* AppDelegate.h */,
				4335988B2477CC9D00BA5A66 /* AppDelegate.m */,
				4335988D2477CC9D00BA5A66 /* ViewController.h */,
				4335988E2477CC9D00BA5A66 /* ViewController.m */,
				433598932477CC9F00BA5A66 /* Assets.xcassets */,
				433598952477CC9F00BA5A66 /* Main.storyboard */,
				433598982477CC9F00BA5A66 /* Info.plist */,
				433598992477CC9F00BA5A66 /* main.m */,
				4335989B2477CC9F00BA5A66 /* demo_app_ob_storyboard.entitlements */,
				433598902477CC9D00BA5A66 /* demo_app_ob_storyboard.xcdatamodeld */,
				32CE64506637FEBB40EF4E5F /* backgroundColor.m */,
				32CE6A8CE23038FB29982014 /* backgroundColor.h */,
				43942B35247BA0BB00DD152F /* DetailController.h */,
				43942B36247BA0BB00DD152F /* DetailController.m */,
				32CE6BFD0A6DE8C2A1572BBA /* UserInfo.m */,
				32CE60AD1C18472A7EA6FD6F /* UserInfo.h */,
			);
			path = "demo-app-ob-storyboard";
			sourceTree = "<group>";
		};
		433598A32477CC9F00BA5A66 /* demo-app-ob-storyboardTests */ = {
			isa = PBXGroup;
			children = (
				433598A42477CC9F00BA5A66 /* demo_app_ob_storyboardTests.m */,
				433598A62477CC9F00BA5A66 /* Info.plist */,
			);
			path = "demo-app-ob-storyboardTests";
			sourceTree = "<group>";
		};
		433598AE2477CC9F00BA5A66 /* demo-app-ob-storyboardUITests */ = {
			isa = PBXGroup;
			children = (
				433598AF2477CC9F00BA5A66 /* demo_app_ob_storyboardUITests.m */,
				433598B12477CC9F00BA5A66 /* Info.plist */,
			);
			path = "demo-app-ob-storyboardUITests";
			sourceTree = "<group>";
		};
/* End PBXGroup section */

/* Begin PBXNativeTarget section */
		433598862477CC9D00BA5A66 /* demo-app-ob-storyboard */ = {
			isa = PBXNativeTarget;
			buildConfigurationList = 433598B42477CC9F00BA5A66 /* Build configuration list for PBXNativeTarget "demo-app-ob-storyboard" */;
			buildPhases = (
				433598832477CC9D00BA5A66 /* Sources */,
				433598842477CC9D00BA5A66 /* Frameworks */,
				433598852477CC9D00BA5A66 /* Resources */,
			);
			buildRules = (
			);
			dependencies = (
			);
			name = "demo-app-ob-storyboard";
			productName = "demo-app-ob-storyboard";
			productReference = 433598872477CC9D00BA5A66 /* demo-app-ob-storyboard.app */;
			productType = "com.apple.product-type.application";
		};
		4335989F2477CC9F00BA5A66 /* demo-app-ob-storyboardTests */ = {
			isa = PBXNativeTarget;
			buildConfigurationList = 433598B72477CC9F00BA5A66 /* Build configuration list for PBXNativeTarget "demo-app-ob-storyboardTests" */;
			buildPhases = (
				4335989C2477CC9F00BA5A66 /* Sources */,
				4335989D2477CC9F00BA5A66 /* Frameworks */,
				4335989E2477CC9F00BA5A66 /* Resources */,
			);
			buildRules = (
			);
			dependencies = (
				433598A22477CC9F00BA5A66 /* PBXTargetDependency */,
			);
			name = "demo-app-ob-storyboardTests";
			productName = "demo-app-ob-storyboardTests";
			productReference = 433598A02477CC9F00BA5A66 /* demo-app-ob-storyboardTests.xctest */;
			productType = "com.apple.product-type.bundle.unit-test";
		};
		433598AA2477CC9F00BA5A66 /* demo-app-ob-storyboardUITests */ = {
			isa = PBXNativeTarget;
			buildConfigurationList = 433598BA2477CC9F00BA5A66 /* Build configuration list for PBXNativeTarget "demo-app-ob-storyboardUITests" */;
			buildPhases = (
				433598A72477CC9F00BA5A66 /* Sources */,
				433598A82477CC9F00BA5A66 /* Frameworks */,
				433598A92477CC9F00BA5A66 /* Resources */,
			);
			buildRules = (
			);
			dependencies = (
				433598AD2477CC9F00BA5A66 /* PBXTargetDependency */,
			);
			name = "demo-app-ob-storyboardUITests";
			productName = "demo-app-ob-storyboardUITests";
			productReference = 433598AB2477CC9F00BA5A66 /* demo-app-ob-storyboardUITests.xctest */;
			productType = "com.apple.product-type.bundle.ui-testing";
		};
/* End PBXNativeTarget section */

/* Begin PBXProject section */
		4335987F2477CC9D00BA5A66 /* Project object */ = {
			isa = PBXProject;
			attributes = {
				LastUpgradeCheck = 1140;
				ORGANIZATIONNAME = "Lianqing Qu ";
				TargetAttributes = {
					433598862477CC9D00BA5A66 = {
						CreatedOnToolsVersion = 11.4;
					};
					4335989F2477CC9F00BA5A66 = {
						CreatedOnToolsVersion = 11.4;
						TestTargetID = 433598862477CC9D00BA5A66;
					};
					433598AA2477CC9F00BA5A66 = {
						CreatedOnToolsVersion = 11.4;
						TestTargetID = 433598862477CC9D00BA5A66;
					};
				};
			};
			buildConfigurationList = 433598822477CC9D00BA5A66 /* Build configuration list for PBXProject "demo-app-ob-storyboard" */;
			compatibilityVersion = "Xcode 9.3";
			developmentRegion = en;
			hasScannedForEncodings = 0;
			knownRegions = (
				en,
				Base,
			);
			mainGroup = 4335987E2477CC9D00BA5A66;
			productRefGroup = 433598882477CC9D00BA5A66 /* Products */;
			projectDirPath = "";
			projectRoot = "";
			targets = (
				433598862477CC9D00BA5A66 /* demo-app-ob-storyboard */,
				4335989F2477CC9F00BA5A66 /* demo-app-ob-storyboardTests */,
				433598AA2477CC9F00BA5A66 /* demo-app-ob-storyboardUITests */,
			);
		};
/* End PBXProject section */

/* Begin PBXResourcesBuildPhase section */
		433598852477CC9D00BA5A66 /* Resources */ = {
			isa = PBXResourcesBuildPhase;
			buildActionMask = 2147483647;
			files = (
				433598942477CC9F00BA5A66 /* Assets.xcassets in Resources */,
				433598972477CC9F00BA5A66 /* Main.storyboard in Resources */,
			);
			runOnlyForDeploymentPostprocessing = 0;
		};
		4335989E2477CC9F00BA5A66 /* Resources */ = {
			isa = PBXResourcesBuildPhase;
			buildActionMask = 2147483647;
			files = (
			);
			runOnlyForDeploymentPostprocessing = 0;
		};
		433598A92477CC9F00BA5A66 /* Resources */ = {
			isa = PBXResourcesBuildPhase;
			buildActionMask = 2147483647;
			files = (
			);
			runOnlyForDeploymentPostprocessing = 0;
		};
/* End PBXResourcesBuildPhase section */

/* Begin PBXSourcesBuildPhase section */
		433598832477CC9D00BA5A66 /* Sources */ = {
			isa = PBXSourcesBuildPhase;
			buildActionMask = 2147483647;
			files = (
				4335988F2477CC9D00BA5A66 /* ViewController.m in Sources */,
				4335988C2477CC9D00BA5A66 /* AppDelegate.m in Sources */,
				4335989A2477CC9F00BA5A66 /* main.m in Sources */,
				43942B37247BA0BB00DD152F /* DetailController.m in Sources */,
				433598922477CC9D00BA5A66 /* demo_app_ob_storyboard.xcdatamodeld in Sources */,
				32CE6896E04EB8F1E973BC03 /* backgroundColor.m in Sources */,
				32CE654AF8F8FE9A76ED7176 /* UserInfo.m in Sources */,
			);
			runOnlyForDeploymentPostprocessing = 0;
		};
		4335989C2477CC9F00BA5A66 /* Sources */ = {
			isa = PBXSourcesBuildPhase;
			buildActionMask = 2147483647;
			files = (
				433598A52477CC9F00BA5A66 /* demo_app_ob_storyboardTests.m in Sources */,
			);
			runOnlyForDeploymentPostprocessing = 0;
		};
		433598A72477CC9F00BA5A66 /* Sources */ = {
			isa = PBXSourcesBuildPhase;
			buildActionMask = 2147483647;
			files = (
				433598B02477CC9F00BA5A66 /* demo_app_ob_storyboardUITests.m in Sources */,
			);
			runOnlyForDeploymentPostprocessing = 0;
		};
/* End PBXSourcesBuildPhase section */

/* Begin PBXTargetDependency section */
		433598A22477CC9F00BA5A66 /* PBXTargetDependency */ = {
			isa = PBXTargetDependency;
			target = 433598862477CC9D00BA5A66 /* demo-app-ob-storyboard */;
			targetProxy = 433598A12477CC9F00BA5A66 /* PBXContainerItemProxy */;
		};
		433598AD2477CC9F00BA5A66 /* PBXTargetDependency */ = {
			isa = PBXTargetDependency;
			target = 433598862477CC9D00BA5A66 /* demo-app-ob-storyboard */;
			targetProxy = 433598AC2477CC9F00BA5A66 /* PBXContainerItemProxy */;
		};
/* End PBXTargetDependency section */

/* Begin PBXVariantGroup section */
		433598952477CC9F00BA5A66 /* Main.storyboard */ = {
			isa = PBXVariantGroup;
			children = (
				433598962477CC9F00BA5A66 /* Base */,
			);
			name = Main.storyboard;
			sourceTree = "<group>";
		};
/* End PBXVariantGroup section */

/* Begin XCBuildConfiguration section */
		433598B22477CC9F00BA5A66 /* Debug */ = {
			isa = XCBuildConfiguration;
			buildSettings = {
				ALWAYS_SEARCH_USER_PATHS = NO;
				CLANG_ANALYZER_NONNULL = YES;
				CLANG_ANALYZER_NUMBER_OBJECT_CONVERSION = YES_AGGRESSIVE;
				CLANG_CXX_LANGUAGE_STANDARD = "gnu++14";
				CLANG_CXX_LIBRARY = "libc++";
				CLANG_ENABLE_MODULES = YES;
				CLANG_ENABLE_OBJC_ARC = YES;
				CLANG_ENABLE_OBJC_WEAK = YES;
				CLANG_WARN_BLOCK_CAPTURE_AUTORELEASING = YES;
				CLANG_WARN_BOOL_CONVERSION = YES;
				CLANG_WARN_COMMA = YES;
				CLANG_WARN_CONSTANT_CONVERSION = YES;
				CLANG_WARN_DEPRECATED_OBJC_IMPLEMENTATIONS = YES;
				CLANG_WARN_DIRECT_OBJC_ISA_USAGE = YES_ERROR;
				CLANG_WARN_DOCUMENTATION_COMMENTS = YES;
				CLANG_WARN_EMPTY_BODY = YES;
				CLANG_WARN_ENUM_CONVERSION = YES;
				CLANG_WARN_INFINITE_RECURSION = YES;
				CLANG_WARN_INT_CONVERSION = YES;
				CLANG_WARN_NON_LITERAL_NULL_CONVERSION = YES;
				CLANG_WARN_OBJC_IMPLICIT_RETAIN_SELF = YES;
				CLANG_WARN_OBJC_LITERAL_CONVERSION = YES;
				CLANG_WARN_OBJC_ROOT_CLASS = YES_ERROR;
				CLANG_WARN_RANGE_LOOP_ANALYSIS = YES;
				CLANG_WARN_STRICT_PROTOTYPES = YES;
				CLANG_WARN_SUSPICIOUS_MOVE = YES;
				CLANG_WARN_UNGUARDED_AVAILABILITY = YES_AGGRESSIVE;
				CLANG_WARN_UNREACHABLE_CODE = YES;
				CLANG_WARN__DUPLICATE_METHOD_MATCH = YES;
				COPY_PHASE_STRIP = NO;
				DEBUG_INFORMATION_FORMAT = dwarf;
				ENABLE_STRICT_OBJC_MSGSEND = YES;
				ENABLE_TESTABILITY = YES;
				GCC_C_LANGUAGE_STANDARD = gnu11;
				GCC_DYNAMIC_NO_PIC = NO;
				GCC_NO_COMMON_BLOCKS = YES;
				GCC_OPTIMIZATION_LEVEL = 0;
				GCC_PREPROCESSOR_DEFINITIONS = (
					"DEBUG=1",
					"$(inherited)",
				);
				GCC_WARN_64_TO_32_BIT_CONVERSION = YES;
				GCC_WARN_ABOUT_RETURN_TYPE = YES_ERROR;
				GCC_WARN_UNDECLARED_SELECTOR = YES;
				GCC_WARN_UNINITIALIZED_AUTOS = YES_AGGRESSIVE;
				GCC_WARN_UNUSED_FUNCTION = YES;
				GCC_WARN_UNUSED_VARIABLE = YES;
				MACOSX_DEPLOYMENT_TARGET = 10.15;
				MTL_ENABLE_DEBUG_INFO = INCLUDE_SOURCE;
				MTL_FAST_MATH = YES;
				ONLY_ACTIVE_ARCH = YES;
				SDKROOT = macosx;
			};
			name = Debug;
		};
		433598B32477CC9F00BA5A66 /* Release */ = {
			isa = XCBuildConfiguration;
			buildSettings = {
				ALWAYS_SEARCH_USER_PATHS = NO;
				CLANG_ANALYZER_NONNULL = YES;
				CLANG_ANALYZER_NUMBER_OBJECT_CONVERSION = YES_AGGRESSIVE;
				CLANG_CXX_LANGUAGE_STANDARD = "gnu++14";
				CLANG_CXX_LIBRARY = "libc++";
				CLANG_ENABLE_MODULES = YES;
				CLANG_ENABLE_OBJC_ARC = YES;
				CLANG_ENABLE_OBJC_WEAK = YES;
				CLANG_WARN_BLOCK_CAPTURE_AUTORELEASING = YES;
				CLANG_WARN_BOOL_CONVERSION = YES;
				CLANG_WARN_COMMA = YES;
				CLANG_WARN_CONSTANT_CONVERSION = YES;
				CLANG_WARN_DEPRECATED_OBJC_IMPLEMENTATIONS = YES;
				CLANG_WARN_DIRECT_OBJC_ISA_USAGE = YES_ERROR;
				CLANG_WARN_DOCUMENTATION_COMMENTS = YES;
				CLANG_WARN_EMPTY_BODY = YES;
				CLANG_WARN_ENUM_CONVERSION = YES;
				CLANG_WARN_INFINITE_RECURSION = YES;
				CLANG_WARN_INT_CONVERSION = YES;
				CLANG_WARN_NON_LITERAL_NULL_CONVERSION = YES;
				CLANG_WARN_OBJC_IMPLICIT_RETAIN_SELF = YES;
				CLANG_WARN_OBJC_LITERAL_CONVERSION = YES;
				CLANG_WARN_OBJC_ROOT_CLASS = YES_ERROR;
				CLANG_WARN_RANGE_LOOP_ANALYSIS = YES;
				CLANG_WARN_STRICT_PROTOTYPES = YES;
				CLANG_WARN_SUSPICIOUS_MOVE = YES;
				CLANG_WARN_UNGUARDED_AVAILABILITY = YES_AGGRESSIVE;
				CLANG_WARN_UNREACHABLE_CODE = YES;
				CLANG_WARN__DUPLICATE_METHOD_MATCH = YES;
				COPY_PHASE_STRIP = NO;
				DEBUG_INFORMATION_FORMAT = "dwarf-with-dsym";
				ENABLE_NS_ASSERTIONS = NO;
				ENABLE_STRICT_OBJC_MSGSEND = YES;
				GCC_C_LANGUAGE_STANDARD = gnu11;
				GCC_NO_COMMON_BLOCKS = YES;
				GCC_WARN_64_TO_32_BIT_CONVERSION = YES;
				GCC_WARN_ABOUT_RETURN_TYPE = YES_ERROR;
				GCC_WARN_UNDECLARED_SELECTOR = YES;
				GCC_WARN_UNINITIALIZED_AUTOS = YES_AGGRESSIVE;
				GCC_WARN_UNUSED_FUNCTION = YES;
				GCC_WARN_UNUSED_VARIABLE = YES;
				MACOSX_DEPLOYMENT_TARGET = 10.15;
				MTL_ENABLE_DEBUG_INFO = NO;
				MTL_FAST_MATH = YES;
				SDKROOT = macosx;
			};
			name = Release;
		};
		433598B52477CC9F00BA5A66 /* Debug */ = {
			isa = XCBuildConfiguration;
			buildSettings = {
				ASSETCATALOG_COMPILER_APPICON_NAME = AppIcon;
				CODE_SIGN_ENTITLEMENTS = "demo-app-ob-storyboard/demo_app_ob_storyboard.entitlements";
				CODE_SIGN_STYLE = Automatic;
				COMBINE_HIDPI_IMAGES = YES;
				DEVELOPMENT_TEAM = 9Z52FQXV2R;
				ENABLE_HARDENED_RUNTIME = YES;
				INFOPLIST_FILE = "demo-app-ob-storyboard/Info.plist";
				LD_RUNPATH_SEARCH_PATHS = (
					"$(inherited)",
					"@executable_path/../Frameworks",
				);
				PRODUCT_BUNDLE_IDENTIFIER = "com.tw.xiaoqu.demo-app-ob-storyboard";
				PRODUCT_NAME = "$(TARGET_NAME)";
			};
			name = Debug;
		};
		433598B62477CC9F00BA5A66 /* Release */ = {
			isa = XCBuildConfiguration;
			buildSettings = {
				ASSETCATALOG_COMPILER_APPICON_NAME = AppIcon;
				CODE_SIGN_ENTITLEMENTS = "demo-app-ob-storyboard/demo_app_ob_storyboard.entitlements";
				CODE_SIGN_STYLE = Automatic;
				COMBINE_HIDPI_IMAGES = YES;
				DEVELOPMENT_TEAM = 9Z52FQXV2R;
				ENABLE_HARDENED_RUNTIME = YES;
				INFOPLIST_FILE = "demo-app-ob-storyboard/Info.plist";
				LD_RUNPATH_SEARCH_PATHS = (
					"$(inherited)",
					"@executable_path/../Frameworks",
				);
				PRODUCT_BUNDLE_IDENTIFIER = "com.tw.xiaoqu.demo-app-ob-storyboard";
				PRODUCT_NAME = "$(TARGET_NAME)";
			};
			name = Release;
		};
		433598B82477CC9F00BA5A66 /* Debug */ = {
			isa = XCBuildConfiguration;
			buildSettings = {
				BUNDLE_LOADER = "$(TEST_HOST)";
				CODE_SIGN_STYLE = Automatic;
				COMBINE_HIDPI_IMAGES = YES;
				DEVELOPMENT_TEAM = 9Z52FQXV2R;
				INFOPLIST_FILE = "demo-app-ob-storyboardTests/Info.plist";
				LD_RUNPATH_SEARCH_PATHS = (
					"$(inherited)",
					"@executable_path/../Frameworks",
					"@loader_path/../Frameworks",
				);
				MACOSX_DEPLOYMENT_TARGET = 10.15;
				PRODUCT_BUNDLE_IDENTIFIER = "com.tw.xiaoqu.demo-app-ob-storyboardTests";
				PRODUCT_NAME = "$(TARGET_NAME)";
				TEST_HOST = "$(BUILT_PRODUCTS_DIR)/demo-app-ob-storyboard.app/Contents/MacOS/demo-app-ob-storyboard";
			};
			name = Debug;
		};
		433598B92477CC9F00BA5A66 /* Release */ = {
			isa = XCBuildConfiguration;
			buildSettings = {
				BUNDLE_LOADER = "$(TEST_HOST)";
				CODE_SIGN_STYLE = Automatic;
				COMBINE_HIDPI_IMAGES = YES;
				DEVELOPMENT_TEAM = 9Z52FQXV2R;
				INFOPLIST_FILE = "demo-app-ob-storyboardTests/Info.plist";
				LD_RUNPATH_SEARCH_PATHS = (
					"$(inherited)",
					"@executable_path/../Frameworks",
					"@loader_path/../Frameworks",
				);
				MACOSX_DEPLOYMENT_TARGET = 10.15;
				PRODUCT_BUNDLE_IDENTIFIER = "com.tw.xiaoqu.demo-app-ob-storyboardTests";
				PRODUCT_NAME = "$(TARGET_NAME)";
				TEST_HOST = "$(BUILT_PRODUCTS_DIR)/demo-app-ob-storyboard.app/Contents/MacOS/demo-app-ob-storyboard";
			};
			name = Release;
		};
		433598BB2477CC9F00BA5A66 /* Debug */ = {
			isa = XCBuildConfiguration;
			buildSettings = {
				CODE_SIGN_STYLE = Automatic;
				COMBINE_HIDPI_IMAGES = YES;
				DEVELOPMENT_TEAM = 9Z52FQXV2R;
				INFOPLIST_FILE = "demo-app-ob-storyboardUITests/Info.plist";
				LD_RUNPATH_SEARCH_PATHS = (
					"$(inherited)",
					"@executable_path/../Frameworks",
					"@loader_path/../Frameworks",
				);
				PRODUCT_BUNDLE_IDENTIFIER = "com.tw.xiaoqu.demo-app-ob-storyboardUITests";
				PRODUCT_NAME = "$(TARGET_NAME)";
				TEST_TARGET_NAME = "demo-app-ob-storyboard";
			};
			name = Debug;
		};
		433598BC2477CC9F00BA5A66 /* Release */ = {
			isa = XCBuildConfiguration;
			buildSettings = {
				CODE_SIGN_STYLE = Automatic;
				COMBINE_HIDPI_IMAGES = YES;
				DEVELOPMENT_TEAM = 9Z52FQXV2R;
				INFOPLIST_FILE = "demo-app-ob-storyboardUITests/Info.plist";
				LD_RUNPATH_SEARCH_PATHS = (
					"$(inherited)",
					"@executable_path/../Frameworks",
					"@loader_path/../Frameworks",
				);
				PRODUCT_BUNDLE_IDENTIFIER = "com.tw.xiaoqu.demo-app-ob-storyboardUITests";
				PRODUCT_NAME = "$(TARGET_NAME)";
				TEST_TARGET_NAME = "demo-app-ob-storyboard";
			};
			name = Release;
		};
/* End XCBuildConfiguration section */

/* Begin XCConfigurationList section */
		433598822477CC9D00BA5A66 /* Build configuration list for PBXProject "demo-app-ob-storyboard" */ = {
			isa = XCConfigurationList;
			buildConfigurations = (
				433598B22477CC9F00BA5A66 /* Debug */,
				433598B32477CC9F00BA5A66 /* Release */,
			);
			defaultConfigurationIsVisible = 0;
			defaultConfigurationName = Release;
		};
		433598B42477CC9F00BA5A66 /* Build configuration list for PBXNativeTarget "demo-app-ob-storyboard" */ = {
			isa = XCConfigurationList;
			buildConfigurations = (
				433598B52477CC9F00BA5A66 /* Debug */,
				433598B62477CC9F00BA5A66 /* Release */,
			);
			defaultConfigurationIsVisible = 0;
			defaultConfigurationName = Release;
		};
		433598B72477CC9F00BA5A66 /* Build configuration list for PBXNativeTarget "demo-app-ob-storyboardTests" */ = {
			isa = XCConfigurationList;
			buildConfigurations = (
				433598B82477CC9F00BA5A66 /* Debug */,
				433598B92477CC9F00BA5A66 /* Release */,
			);
			defaultConfigurationIsVisible = 0;
			defaultConfigurationName = Release;
		};
		433598BA2477CC9F00BA5A66 /* Build configuration list for PBXNativeTarget "demo-app-ob-storyboardUITests" */ = {
			isa = XCConfigurationList;
			buildConfigurations = (
				433598BB2477CC9F00BA5A66 /* Debug */,
				433598BC2477CC9F00BA5A66 /* Release */,
			);
			defaultConfigurationIsVisible = 0;
			defaultConfigurationName = Release;
		};
/* End XCConfigurationList section */

/* Begin XCVersionGroup section */
		433598902477CC9D00BA5A66 /* demo_app_ob_storyboard.xcdatamodeld */ = {
			isa = XCVersionGroup;
			children = (
				433598912477CC9D00BA5A66 /* demo_app_ob_storyboard.xcdatamodel */,
			);
			currentVersion = 433598912477CC9D00BA5A66 /* demo_app_ob_storyboard.xcdatamodel */;
			path = demo_app_ob_storyboard.xcdatamodeld;
			sourceTree = "<group>";
			versionGroupType = wrapper.xcdatamodel;
		};
/* End XCVersionGroup section */
	};
	rootObject = 4335987F2477CC9D00BA5A66 /* Project object */;
}
